{
  "version": 4,
  "terraform_version": "1.1.8",
  "serial": 572,
  "lineage": "58f4a400-9c11-8ef2-1470-5fc54c5fa1f1",
  "outputs": {},
  "resources": [
    {
      "module": "module.S3",
      "mode": "managed",
      "type": "aws_s3_bucket",
      "name": "destination-bucket-Md5",
      "provider": "provider[\"registry.terraform.io/hashicorp/aws\"]",
      "instances": [
        {
          "schema_version": 0,
          "attributes": {
            "acceleration_status": "",
            "acl": null,
            "arn": "arn:aws:s3:::sf-tf-md5-checksum-destination",
            "bucket": "sf-tf-md5-checksum-destination",
            "bucket_domain_name": "sf-tf-md5-checksum-destination.s3.amazonaws.com",
            "bucket_prefix": null,
            "bucket_regional_domain_name": "sf-tf-md5-checksum-destination.s3.ap-south-1.amazonaws.com",
            "cors_rule": [],
            "force_destroy": false,
            "grant": [
              {
                "id": "6a5d8217d7f73b9193f065528a84c553b9cfb29484e33921e1f1508259efc80f",
                "permissions": [
                  "FULL_CONTROL"
                ],
                "type": "CanonicalUser",
                "uri": ""
              }
            ],
            "hosted_zone_id": "Z11RGJOFQNVJUP",
            "id": "sf-tf-md5-checksum-destination",
            "lifecycle_rule": [],
            "logging": [],
            "object_lock_configuration": [],
            "object_lock_enabled": false,
            "policy": "",
            "region": "ap-south-1",
            "replication_configuration": [],
            "request_payer": "BucketOwner",
            "server_side_encryption_configuration": [],
            "tags": {
              "Environment": "Destination-Dev"
            },
            "tags_all": {
              "Environment": "Destination-Dev"
            },
            "versioning": [
              {
                "enabled": false,
                "mfa_delete": false
              }
            ],
            "website": [],
            "website_domain": null,
            "website_endpoint": null
          },
          "sensitive_attributes": [],
          "private": "bnVsbA=="
        }
      ]
    }
  ]
}
